
Microsoft Visual Studio Solution File, Format Version 12.00
# Visual Studio Version 16
VisualStudioVersion = 16.0.30611.23
MinimumVisualStudioVersion = 10.0.40219.1
Project("{FAE04EC0-301F-11D3-BF4B-00C04F79EFBC}") = "Research Use Toolkit", "Research Use Toolkit\Research Use Toolkit.csproj", "{3CA8BF65-B868-4813-9BC4-A6031304533B}"
EndProject
Global
	GlobalSection(SolutionConfigurationPlatforms) = preSolution
		Debug|Any CPU = Debug|Any CPU
		Release|Any CPU = Release|Any CPU
	EndGlobalSection
	GlobalSection(ProjectConfigurationPlatforms) = postSolution
		{3CA8BF65-B868-4813-9BC4-A6031304533B}.Debug|Any CPU.ActiveCfg = Debug|Any CPU
		{3CA8BF65-B868-4813-9BC4-A6031304533B}.Debug|Any CPU.Build.0 = Debug|Any CPU
		{3CA8BF65-B868-4813-9BC4-A6031304533B}.Release|Any CPU.ActiveCfg = Release|Any CPU
		{3CA8BF65-B868-4813-9BC4-A6031304533B}.Release|Any CPU.Build.0 = Release|Any CPU
	EndGlobalSection
	GlobalSection(SolutionProperties) = preSolution
		HideSolutionNode = FALSE
	EndGlobalSection
	GlobalSection(ExtensibilityGlobals) = postSolution
		SolutionGuid = {FF24A0B7-9915-404C-B440-EAE61AFBFCEF}
	EndGlobalSection
EndGlobal
